{
	"name": "Web_Chat_Server",
	"version": "0.1.0",
	"lockfileVersion": 1,
	"requires": true,
	"dependencies": {
		"clone": {
			"version": "2.1.2",
			"resolved": "https://registry.npmjs.org/clone/-/clone-2.1.2.tgz",
			"integrity": "sha1-G39Ln1kfHo+DZwQBYANFoCiHQ18="
		},
		"node": {
			"version": "13.1.0",
			"resolved": "https://registry.npmjs.org/node/-/node-13.1.0.tgz",
			"integrity": "sha512-EAolY+/NT6s737S8VdlbcO0s6RXNoYtFBsQarcXrEFWindhzWiPi5H8V6Y+qmF2uESjz0+DvPej+UJ9zLZx6ig==",
			"requires": {
				"node-bin-setup": "^1.0.0"
			}
		},
		"node-bin-setup": {
			"version": "1.0.6",
			"resolved": "https://registry.npmjs.org/node-bin-setup/-/node-bin-setup-1.0.6.tgz",
			"integrity": "sha512-uPIxXNis1CRbv1DwqAxkgBk5NFV3s7cMN/Gf556jSw6jBvV7ca4F9lRL/8cALcZecRibeqU+5dFYqFFmzv5a0Q=="
		},
		"node-cache": {
			"version": "5.0.2",
			"resolved": "https://registry.npmjs.org/node-cache/-/node-cache-5.0.2.tgz",
			"integrity": "sha512-wqJIYqBbOaYycAHNXgWx7fYJA5S3KcwpJqwuDuHWGKzzG8vIvj80eN47+/FTioUdE96AuiTHoAtsiTVOBLrM9A==",
			"requires": {
				"clone": "2.x"
			}
		},
		"ws": {
			"version": "7.4.6",
			"resolved": "https://registry.npmjs.org/ws/-/ws-7.4.6.tgz",
			"integrity": "sha512-YmhHDO4MzaDLB+M9ym/mDA5z0naX8j7SIlT8f8z+I0VtzsRbekxEutHSme7NPS2qE8StCYQNUnfWdXta/Yu85A=="
		}
	}
}
